GEM
  remote: https://rubygems.org/
  specs:
    benchmark (0.5.0)
    bigdecimal (4.1.2)
    google-protobuf (4.35.1-arm64-darwin)
      bigdecimal
      rake (~> 13.3)
    pg_query (6.2.2)
      google-protobuf (>= 3.25.3)
    rake (13.4.2)

PLATFORMS
  arm64-darwin-23

DEPENDENCIES
  benchmark
  pg_query (= 6.2.2)

CHECKSUMS
  benchmark (0.5.0) sha256=465df122341aedcb81a2a24b4d3bd19b6c67c1530713fd533f3ff034e419236c
  bigdecimal (4.1.2) sha256=53d217666027eab4280346fba98e7d5b66baaae1b9c3c1c0ffe89d48188a3fbd
  google-protobuf (4.35.1-arm64-darwin) sha256=d9c957df04fa89c749fa9a72a7b383eb4296efc9b2303dc6fd6fbe39c698ad6b
  pg_query (6.2.2) sha256=316c194160ccfac8af9a7aff55cdc5b2d13bdd8bd8734976c6bddc477e779b6f
  rake (13.4.2) sha256=cb825b2bd5f1f8e91ca37bddb4b9aaf345551b4731da62949be002fa89283701

BUNDLED WITH
  4.0.3
